
Microsoft Visual Studio Solution File, Format Version 12.00
# Visual Studio Version 16
VisualStudioVersion = 16.0.32228.349
MinimumVisualStudioVersion = 10.0.40219.1
Project("{FAE04EC0-301F-11D3-BF4B-00C04F79EFBC}") = "AplikasiGameThread_1180", "AplikasiGameThread_1180\AplikasiGameThread_1180.csproj", "{7922355F-A9F6-4BB0-AD99-1704229B524C}"
EndProject
Global
	GlobalSection(SolutionConfigurationPlatforms) = preSolution
		Debug|Any CPU = Debug|Any CPU
		Release|Any CPU = Release|Any CPU
	EndGlobalSection
	GlobalSection(ProjectConfigurationPlatforms) = postSolution
		{7922355F-A9F6-4BB0-AD99-1704229B524C}.Debug|Any CPU.ActiveCfg = Debug|Any CPU
		{7922355F-A9F6-4BB0-AD99-1704229B524C}.Debug|Any CPU.Build.0 = Debug|Any CPU
		{7922355F-A9F6-4BB0-AD99-1704229B524C}.Release|Any CPU.ActiveCfg = Release|Any CPU
		{7922355F-A9F6-4BB0-AD99-1704229B524C}.Release|Any CPU.Build.0 = Release|Any CPU
	EndGlobalSection
	GlobalSection(SolutionProperties) = preSolution
		HideSolutionNode = FALSE
	EndGlobalSection
	GlobalSection(ExtensibilityGlobals) = postSolution
		SolutionGuid = {6879B7E1-BFA4-43D5-BE4D-96822E3E41FB}
	EndGlobalSection
EndGlobal
