
Microsoft Visual Studio Solution File, Format Version 12.00
# Visual Studio Version 16
VisualStudioVersion = 16.0.32407.337
MinimumVisualStudioVersion = 10.0.40219.1
Project("{FAE04EC0-301F-11D3-BF4B-00C04F79EFBC}") = "clientservice_1180", "clientservice_1180\clientservice_1180.csproj", "{1202E6D3-0E42-4979-8196-CA94F77F4763}"
EndProject
Global
	GlobalSection(SolutionConfigurationPlatforms) = preSolution
		Debug|Any CPU = Debug|Any CPU
		Release|Any CPU = Release|Any CPU
	EndGlobalSection
	GlobalSection(ProjectConfigurationPlatforms) = postSolution
		{1202E6D3-0E42-4979-8196-CA94F77F4763}.Debug|Any CPU.ActiveCfg = Debug|Any CPU
		{1202E6D3-0E42-4979-8196-CA94F77F4763}.Debug|Any CPU.Build.0 = Debug|Any CPU
		{1202E6D3-0E42-4979-8196-CA94F77F4763}.Release|Any CPU.ActiveCfg = Release|Any CPU
		{1202E6D3-0E42-4979-8196-CA94F77F4763}.Release|Any CPU.Build.0 = Release|Any CPU
	EndGlobalSection
	GlobalSection(SolutionProperties) = preSolution
		HideSolutionNode = FALSE
	EndGlobalSection
	GlobalSection(ExtensibilityGlobals) = postSolution
		SolutionGuid = {11BF893B-4140-4D8E-ACB8-E907A70399DB}
	EndGlobalSection
EndGlobal
